dependencies:
- name: nodejs
  repository: https://hmctspublic.azurecr.io/helm/v1/repo
  version: 1.10.1
- name: redis
  repository: https://charts.bitnami.com/bitnami
  version: 10.6.18
- name: idam-pr
  repository: https://hmctspublic.azurecr.io/helm/v1/repo
  version: 2.2.6
digest: sha256:9238d81bf3076c144f2c6980f38945d1b9e41382d56bc01613cd6c0e24a069ff
generated: "2020-07-15T16:37:00.758461309Z"
