dependencies:
- name: java
  repository: https://hmctspublic.azurecr.io/helm/v1/repo
  version: 2.18.1
- name: blobstorage
  repository: https://hmctspublic.azurecr.io/helm/v1/repo
  version: 0.2.1
- name: blobstorage
  repository: https://hmctspublic.azurecr.io/helm/v1/repo
  version: 0.2.1
- name: blobstorage
  repository: https://hmctspublic.azurecr.io/helm/v1/repo
  version: 0.2.1
- name: servicebus
  repository: https://hmctspublic.azurecr.io/helm/v1/repo
  version: 0.2.2
digest: sha256:f943ad834d0b8b47e0d755b9c68ab0a46e4a7e76f92087f4f5ed4d63e0315a65
generated: "2020-07-14T08:20:32.643665974Z"
