dependencies:
- name: java
  repository: https://hmctspublic.azurecr.io/helm/v1/repo
  version: 2.18.1
- name: servicebus
  repository: https://hmctspublic.azurecr.io/helm/v1/repo
  version: 0.1.1
digest: sha256:f130168ad7b4be0b05393c1f0a357dd25f86032576e85d41826718c2cb369222
generated: "2020-07-14T14:59:26.575457914Z"
