dependencies:
- name: nodejs
  repository: https://hmctspublic.azurecr.io/helm/v1/repo
  version: 1.8.0
- name: redis
  repository: https://charts.bitnami.com/bitnami
  version: 10.0.0
- name: idam-pr
  repository: https://hmctspublic.azurecr.io/helm/v1/repo
  version: 2.2.7
digest: sha256:c6f73e038cfdf635c1d880c1cf82797b7a3ea4e9cba1bdf390c47969aa1348d7
generated: "2020-07-17T10:09:45.891214268Z"
