dependencies:
- name: java
  repository: https://hmctspublic.azurecr.io/helm/v1/repo
  version: 2.18.1
- name: servicebus
  repository: https://hmctspublic.azurecr.io/helm/v1/repo
  version: 0.2.2
- name: blobstorage
  repository: https://hmctspublic.azurecr.io/helm/v1/repo
  version: 0.2.1
digest: sha256:bdaf7445bbe046020b688e6da040225709ac0fec61a56ad48479854f40233bd9
generated: "2020-07-17T09:22:35.492928947Z"
