dependencies:
- name: java
  repository: https://hmctspublic.azurecr.io/helm/v1/repo
  version: 2.15.1
- name: servicebus
  repository: https://hmctspublic.azurecr.io/helm/v1/repo
  version: 0.2.2
- name: blobstorage
  repository: https://hmctspublic.azurecr.io/helm/v1/repo
  version: 0.2.1
digest: sha256:38bc49c8f00d00d456aa839497e1335f0999aa0b079325aca71164513f9954c5
generated: "2020-07-16T11:25:25.910024969Z"
