dependencies:
- name: nodejs
  repository: https://hmctspublic.azurecr.io/helm/v1/repo
  version: 2.0.1
- name: redis
  repository: https://charts.bitnami.com/bitnami
  version: 10.6.18
- name: idam-pr
  repository: https://hmctspublic.azurecr.io/helm/v1/repo
  version: 2.2.6
digest: sha256:538c28fc99d23f606df867a952df67371cca6eccc2665c9b2ac8767ecb290cb6
generated: "2020-07-14T13:22:15.348707467Z"
