dependencies:
- name: job
  repository: https://hmctspublic.azurecr.io/helm/v1/repo
  version: 0.6.0
- name: blobstorage
  repository: https://hmctspublic.azurecr.io/helm/v1/repo
  version: 0.2.1
- name: postgresql
  repository: https://kubernetes-charts.storage.googleapis.com
  version: 6.3.15
digest: sha256:c08be2c6fe38d29ba78605a1528386b68c3f43eaef05db41390b96ffb6fae5b9
generated: "2020-07-29T12:17:29.47331485Z"
