dependencies:
- name: nodejs
  repository: https://hmctspublic.azurecr.io/helm/v1/repo
  version: 1.10.1
- name: redis
  repository: https://charts.bitnami.com/bitnami
  version: 10.6.18
digest: sha256:f8ac33235b9e3663bc716b0d62c9b1abc8c5a5f6677016bcf8552ede43773fd1
generated: "2020-07-24T11:21:39.962951767Z"
